
Microsoft Visual Studio Solution File, Format Version 12.00
# Visual Studio Version 17
VisualStudioVersion = 17.9.34728.123
MinimumVisualStudioVersion = 10.0.40219.1
Project("{FAE04EC0-301F-11D3-BF4B-00C04F79EFBC}") = "WebshopBackend", "WebshopBackend.csproj", "{1578F62C-6A6F-49B0-A16A-A33C1A0799E6}"
EndProject
Global
	GlobalSection(SolutionConfigurationPlatforms) = preSolution
		Debug|Any CPU = Debug|Any CPU
		Release|Any CPU = Release|Any CPU
	EndGlobalSection
	GlobalSection(ProjectConfigurationPlatforms) = postSolution
		{1578F62C-6A6F-49B0-A16A-A33C1A0799E6}.Debug|Any CPU.ActiveCfg = Debug|Any CPU
		{1578F62C-6A6F-49B0-A16A-A33C1A0799E6}.Debug|Any CPU.Build.0 = Debug|Any CPU
		{1578F62C-6A6F-49B0-A16A-A33C1A0799E6}.Release|Any CPU.ActiveCfg = Release|Any CPU
		{1578F62C-6A6F-49B0-A16A-A33C1A0799E6}.Release|Any CPU.Build.0 = Release|Any CPU
	EndGlobalSection
	GlobalSection(SolutionProperties) = preSolution
		HideSolutionNode = FALSE
	EndGlobalSection
	GlobalSection(ExtensibilityGlobals) = postSolution
		SolutionGuid = {2542FC5F-EA23-4508-8E90-3677C32B94FB}
	EndGlobalSection
EndGlobal
